
Microsoft Visual Studio Solution File, Format Version 12.00
# Visual Studio Version 16
VisualStudioVersion = 16.0.30330.147
MinimumVisualStudioVersion = 10.0.40219.1
Project("{9A19103F-16F7-4668-BE54-9A1E7A4F7556}") = "firstalgos", "firstalgos\firstalgos.csproj", "{1166432D-62F9-4FD9-83F7-607C523D9917}"
EndProject
Project("{9A19103F-16F7-4668-BE54-9A1E7A4F7556}") = "firstalgostest", "firstalgostest\firstalgostest.csproj", "{390DE4CF-E9C5-4EF5-9926-C1274AF2EAAB}"
EndProject
Project("{9A19103F-16F7-4668-BE54-9A1E7A4F7556}") = "SingleLinkedList", "SingleLinkedList\SingleLinkedList.csproj", "{08FC35D8-E3E2-4C8A-8E26-ACB2FF8668A6}"
EndProject
Project("{9A19103F-16F7-4668-BE54-9A1E7A4F7556}") = "DoublyLinkedList", "DoublyLinkedList\DoublyLinkedList.csproj", "{98BA1AA2-7771-46B7-BCE7-A1EDF201632F}"
EndProject
Project("{FAE04EC0-301F-11D3-BF4B-00C04F79EFBC}") = "BinaryGap", "BinaryGap\BinaryGap.csproj", "{F7C79BBA-FA92-41D1-BBDA-8712ECC28401}"
EndProject
Global
	GlobalSection(SolutionConfigurationPlatforms) = preSolution
		Debug|Any CPU = Debug|Any CPU
		Release|Any CPU = Release|Any CPU
	EndGlobalSection
	GlobalSection(ProjectConfigurationPlatforms) = postSolution
		{1166432D-62F9-4FD9-83F7-607C523D9917}.Debug|Any CPU.ActiveCfg = Debug|Any CPU
		{1166432D-62F9-4FD9-83F7-607C523D9917}.Debug|Any CPU.Build.0 = Debug|Any CPU
		{1166432D-62F9-4FD9-83F7-607C523D9917}.Release|Any CPU.ActiveCfg = Release|Any CPU
		{1166432D-62F9-4FD9-83F7-607C523D9917}.Release|Any CPU.Build.0 = Release|Any CPU
		{390DE4CF-E9C5-4EF5-9926-C1274AF2EAAB}.Debug|Any CPU.ActiveCfg = Debug|Any CPU
		{390DE4CF-E9C5-4EF5-9926-C1274AF2EAAB}.Debug|Any CPU.Build.0 = Debug|Any CPU
		{390DE4CF-E9C5-4EF5-9926-C1274AF2EAAB}.Release|Any CPU.ActiveCfg = Release|Any CPU
		{390DE4CF-E9C5-4EF5-9926-C1274AF2EAAB}.Release|Any CPU.Build.0 = Release|Any CPU
		{08FC35D8-E3E2-4C8A-8E26-ACB2FF8668A6}.Debug|Any CPU.ActiveCfg = Debug|Any CPU
		{08FC35D8-E3E2-4C8A-8E26-ACB2FF8668A6}.Debug|Any CPU.Build.0 = Debug|Any CPU
		{08FC35D8-E3E2-4C8A-8E26-ACB2FF8668A6}.Release|Any CPU.ActiveCfg = Release|Any CPU
		{08FC35D8-E3E2-4C8A-8E26-ACB2FF8668A6}.Release|Any CPU.Build.0 = Release|Any CPU
		{98BA1AA2-7771-46B7-BCE7-A1EDF201632F}.Debug|Any CPU.ActiveCfg = Debug|Any CPU
		{98BA1AA2-7771-46B7-BCE7-A1EDF201632F}.Debug|Any CPU.Build.0 = Debug|Any CPU
		{98BA1AA2-7771-46B7-BCE7-A1EDF201632F}.Release|Any CPU.ActiveCfg = Release|Any CPU
		{98BA1AA2-7771-46B7-BCE7-A1EDF201632F}.Release|Any CPU.Build.0 = Release|Any CPU
		{F7C79BBA-FA92-41D1-BBDA-8712ECC28401}.Debug|Any CPU.ActiveCfg = Debug|Any CPU
		{F7C79BBA-FA92-41D1-BBDA-8712ECC28401}.Debug|Any CPU.Build.0 = Debug|Any CPU
		{F7C79BBA-FA92-41D1-BBDA-8712ECC28401}.Release|Any CPU.ActiveCfg = Release|Any CPU
		{F7C79BBA-FA92-41D1-BBDA-8712ECC28401}.Release|Any CPU.Build.0 = Release|Any CPU
	EndGlobalSection
	GlobalSection(SolutionProperties) = preSolution
		HideSolutionNode = FALSE
	EndGlobalSection
	GlobalSection(ExtensibilityGlobals) = postSolution
		SolutionGuid = {8001E26C-C1E3-40BA-BE70-E028E1388856}
	EndGlobalSection
EndGlobal
